
Microsoft Visual Studio Solution File, Format Version 12.00
# Visual Studio Version 17
VisualStudioVersion = 17.5.33530.505
MinimumVisualStudioVersion = 10.0.40219.1
Project("{FAE04EC0-301F-11D3-BF4B-00C04F79EFBC}") = "MoneyToWordConvertTest", "MoneyToWordConvertTest\MoneyToWordConvertTest.csproj", "{C4C18C59-5B86-4C20-859A-6239D6580A1C}"
EndProject
Project("{FAE04EC0-301F-11D3-BF4B-00C04F79EFBC}") = "MoneyToWordConverter", "MoneyToWordConverter\MoneyToWordConverter.csproj", "{9DC86BC9-BF2B-4AA9-AC52-73F8E1E2D658}"
EndProject
Project("{FAE04EC0-301F-11D3-BF4B-00C04F79EFBC}") = "Tests", "Tests\Tests.csproj", "{1B583D06-D69E-4D6C-920D-1FB0C8AB9903}"
EndProject
Global
	GlobalSection(SolutionConfigurationPlatforms) = preSolution
		Debug|Any CPU = Debug|Any CPU
		Release|Any CPU = Release|Any CPU
	EndGlobalSection
	GlobalSection(ProjectConfigurationPlatforms) = postSolution
		{C4C18C59-5B86-4C20-859A-6239D6580A1C}.Debug|Any CPU.ActiveCfg = Debug|Any CPU
		{C4C18C59-5B86-4C20-859A-6239D6580A1C}.Debug|Any CPU.Build.0 = Debug|Any CPU
		{C4C18C59-5B86-4C20-859A-6239D6580A1C}.Release|Any CPU.ActiveCfg = Release|Any CPU
		{C4C18C59-5B86-4C20-859A-6239D6580A1C}.Release|Any CPU.Build.0 = Release|Any CPU
		{9DC86BC9-BF2B-4AA9-AC52-73F8E1E2D658}.Debug|Any CPU.ActiveCfg = Debug|Any CPU
		{9DC86BC9-BF2B-4AA9-AC52-73F8E1E2D658}.Debug|Any CPU.Build.0 = Debug|Any CPU
		{9DC86BC9-BF2B-4AA9-AC52-73F8E1E2D658}.Release|Any CPU.ActiveCfg = Release|Any CPU
		{9DC86BC9-BF2B-4AA9-AC52-73F8E1E2D658}.Release|Any CPU.Build.0 = Release|Any CPU
		{1B583D06-D69E-4D6C-920D-1FB0C8AB9903}.Debug|Any CPU.ActiveCfg = Debug|Any CPU
		{1B583D06-D69E-4D6C-920D-1FB0C8AB9903}.Debug|Any CPU.Build.0 = Debug|Any CPU
		{1B583D06-D69E-4D6C-920D-1FB0C8AB9903}.Release|Any CPU.ActiveCfg = Release|Any CPU
		{1B583D06-D69E-4D6C-920D-1FB0C8AB9903}.Release|Any CPU.Build.0 = Release|Any CPU
	EndGlobalSection
	GlobalSection(SolutionProperties) = preSolution
		HideSolutionNode = FALSE
	EndGlobalSection
	GlobalSection(ExtensibilityGlobals) = postSolution
		SolutionGuid = {EE3FDB66-9D4C-4297-9F20-EA7A91471951}
	EndGlobalSection
EndGlobal
